
Microsoft Visual Studio Solution File, Format Version 12.00
# Visual Studio Version 17
VisualStudioVersion = 17.5.002.0
MinimumVisualStudioVersion = 10.0.40219.1
Project("{9A19103F-16F7-4668-BE54-9A1E7A4F7556}") = "tienda", "tienda.csproj", "{DEFAC2EB-A115-48F2-B409-24BC4798CD32}"
EndProject
Global
	GlobalSection(SolutionConfigurationPlatforms) = preSolution
		Debug|Any CPU = Debug|Any CPU
		Release|Any CPU = Release|Any CPU
	EndGlobalSection
	GlobalSection(ProjectConfigurationPlatforms) = postSolution
		{DEFAC2EB-A115-48F2-B409-24BC4798CD32}.Debug|Any CPU.ActiveCfg = Debug|Any CPU
		{DEFAC2EB-A115-48F2-B409-24BC4798CD32}.Debug|Any CPU.Build.0 = Debug|Any CPU
		{DEFAC2EB-A115-48F2-B409-24BC4798CD32}.Release|Any CPU.ActiveCfg = Release|Any CPU
		{DEFAC2EB-A115-48F2-B409-24BC4798CD32}.Release|Any CPU.Build.0 = Release|Any CPU
	EndGlobalSection
	GlobalSection(SolutionProperties) = preSolution
		HideSolutionNode = FALSE
	EndGlobalSection
	GlobalSection(ExtensibilityGlobals) = postSolution
		SolutionGuid = {D471D2E2-CD11-41E9-93A6-DC836A3963FE}
	EndGlobalSection
EndGlobal
